
Microsoft Visual Studio Solution File, Format Version 12.00
# Visual Studio 15
Project("{FAE04EC0-301F-11D3-BF4B-00C04F79EFBC}") = "Unity.Timeline", "Unity.Timeline.csproj", "{DEC746BF-4C51-DBBC-C3BF-DBA68547D729}"
EndProject
Project("{FAE04EC0-301F-11D3-BF4B-00C04F79EFBC}") = "Unity.RenderPipelines.GPUDriven.Runtime", "Unity.RenderPipelines.GPUDriven.Runtime.csproj", "{75B7A7BA-CDA3-C8A2-0E8C-6D8A16F6BAF3}"
EndProject
Project("{FAE04EC0-301F-11D3-BF4B-00C04F79EFBC}") = "Unity.PlasticSCM.Editor", "Unity.PlasticSCM.Editor.csproj", "{00E2772F-20B9-0CB8-47B6-74908584FFDA}"
EndProject
Project("{FAE04EC0-301F-11D3-BF4B-00C04F79EFBC}") = "Unity.ShaderGraph.Editor", "Unity.ShaderGraph.Editor.csproj", "{E1F2D9D9-51CF-4D9E-BA5F-3ACCC1B08E77}"
EndProject
Project("{FAE04EC0-301F-11D3-BF4B-00C04F79EFBC}") = "Unity.RenderPipelines.Core.Runtime", "Unity.RenderPipelines.Core.Runtime.csproj", "{88C00FAB-ADFB-657D-B3BA-E99015FF0996}"
EndProject
Project("{FAE04EC0-301F-11D3-BF4B-00C04F79EFBC}") = "Unity.Mathematics", "Unity.Mathematics.csproj", "{A02E63F1-DCDA-2EB8-C0ED-E776367283E2}"
EndProject
Project("{FAE04EC0-301F-11D3-BF4B-00C04F79EFBC}") = "Unity.Timeline.Editor", "Unity.Timeline.Editor.csproj", "{16F5E6F9-0BA8-7E09-7F34-69E6FFFAB4D0}"
EndProject
Project("{FAE04EC0-301F-11D3-BF4B-00C04F79EFBC}") = "Unity.Multiplayer.Center.Editor", "Unity.Multiplayer.Center.Editor.csproj", "{04314605-2679-414F-2C23-05451C7ED2C3}"
EndProject
Project("{FAE04EC0-301F-11D3-BF4B-00C04F79EFBC}") = "Unity.RenderPipelines.Core.Editor", "Unity.RenderPipelines.Core.Editor.csproj", "{9DE94D56-3802-9E75-98C8-7977EDA16C11}"
EndProject
Project("{FAE04EC0-301F-11D3-BF4B-00C04F79EFBC}") = "Unity.Collections", "Unity.Collections.csproj", "{604489FF-B52F-790F-6944-55CEA2A5FE01}"
EndProject
Project("{FAE04EC0-301F-11D3-BF4B-00C04F79EFBC}") = "UnityEngine.UI", "UnityEngine.UI.csproj", "{BA011013-B8FC-636F-9885-D8C8DC126913}"
EndProject
Project("{FAE04EC0-301F-11D3-BF4B-00C04F79EFBC}") = "Unity.RenderPipelines.Universal.2D.Runtime", "Unity.RenderPipelines.Universal.2D.Runtime.csproj", "{14E8B2AA-AA0F-EE08-B8A9-4BF3CED4FC0F}"
EndProject
Project("{FAE04EC0-301F-11D3-BF4B-00C04F79EFBC}") = "Unity.VisualScripting.Core.Editor", "Unity.VisualScripting.Core.Editor.csproj", "{BF3317ED-F09B-3FE5-B240-BDD9F5FEC76D}"
EndProject
Project("{FAE04EC0-301F-11D3-BF4B-00C04F79EFBC}") = "Unity.RenderPipelines.Universal.Editor", "Unity.RenderPipelines.Universal.Editor.csproj", "{A78E07EF-26E3-2500-DD52-96AA2A09AF5C}"
EndProject
Project("{FAE04EC0-301F-11D3-BF4B-00C04F79EFBC}") = "Unity.PerformanceTesting.Editor", "Unity.PerformanceTesting.Editor.csproj", "{7244B694-CE27-D64E-1A87-6186D0887134}"
EndProject
Project("{FAE04EC0-301F-11D3-BF4B-00C04F79EFBC}") = "UnityEngine.TestRunner", "UnityEngine.TestRunner.csproj", "{66938507-6ED7-FF89-0D34-4BEBF2272894}"
EndProject
Project("{FAE04EC0-301F-11D3-BF4B-00C04F79EFBC}") = "Unity.Burst", "Unity.Burst.csproj", "{B1E3721A-13E1-8170-850D-7C60D9E67848}"
EndProject
Project("{FAE04EC0-301F-11D3-BF4B-00C04F79EFBC}") = "Unity.VisualScripting.Flow.Editor", "Unity.VisualScripting.Flow.Editor.csproj", "{2F9F519B-295E-AA04-FF95-741710DEC542}"
EndProject
Project("{FAE04EC0-301F-11D3-BF4B-00C04F79EFBC}") = "Unity.VisualStudio.Editor", "Unity.VisualStudio.Editor.csproj", "{0B423D49-5881-F668-F477-873880738DAC}"
EndProject
Project("{FAE04EC0-301F-11D3-BF4B-00C04F79EFBC}") = "Unity.InputSystem", "Unity.InputSystem.csproj", "{647358A7-9E56-49B2-6331-702D62EC2B22}"
EndProject
Project("{FAE04EC0-301F-11D3-BF4B-00C04F79EFBC}") = "PPv2URPConverters", "PPv2URPConverters.csproj", "{1B65B87B-A4D9-C201-3D2D-A3D94AB429CE}"
EndProject
Project("{FAE04EC0-301F-11D3-BF4B-00C04F79EFBC}") = "Unity.Searcher.Editor", "Unity.Searcher.Editor.csproj", "{19312DDD-2B60-4D06-1AD8-5A56516D9FC5}"
EndProject
Project("{FAE04EC0-301F-11D3-BF4B-00C04F79EFBC}") = "UnityEditor.TestRunner", "UnityEditor.TestRunner.csproj", "{9B8CD163-DFD8-2BEB-264F-8A9E088D1129}"
EndProject
Project("{FAE04EC0-301F-11D3-BF4B-00C04F79EFBC}") = "Unity.VisualScripting.Core", "Unity.VisualScripting.Core.csproj", "{95272928-53F9-E441-53E9-E6D1ED0927B8}"
EndProject
Project("{FAE04EC0-301F-11D3-BF4B-00C04F79EFBC}") = "Unity.RenderPipelines.Universal.Runtime", "Unity.RenderPipelines.Universal.Runtime.csproj", "{7EB9998C-D840-BF68-561F-3BA326DD5B34}"
EndProject
Project("{FAE04EC0-301F-11D3-BF4B-00C04F79EFBC}") = "Unity.AI.Navigation.Editor.ConversionSystem", "Unity.AI.Navigation.Editor.ConversionSystem.csproj", "{2FDA063F-61F7-61F0-8FA7-C1C6C1CFB035}"
EndProject
Project("{FAE04EC0-301F-11D3-BF4B-00C04F79EFBC}") = "Unity.VisualScripting.State.Editor", "Unity.VisualScripting.State.Editor.csproj", "{12FBC87E-F6AF-B13D-0FBC-A6F843969E97}"
EndProject
Project("{FAE04EC0-301F-11D3-BF4B-00C04F79EFBC}") = "Unity.Burst.CodeGen", "Unity.Burst.CodeGen.csproj", "{D7583743-5C54-813C-9BEC-6EFA73CA56AF}"
EndProject
Project("{FAE04EC0-301F-11D3-BF4B-00C04F79EFBC}") = "Unity.VisualScripting.Flow", "Unity.VisualScripting.Flow.csproj", "{E5CE3685-A734-B686-6C6D-E1483F083FE2}"
EndProject
Project("{FAE04EC0-301F-11D3-BF4B-00C04F79EFBC}") = "Unity.PerformanceTesting", "Unity.PerformanceTesting.csproj", "{F681209A-F506-5B5D-5FA4-D6A6F4C087E3}"
EndProject
Project("{FAE04EC0-301F-11D3-BF4B-00C04F79EFBC}") = "Unity.TextMeshPro", "Unity.TextMeshPro.csproj", "{E92CED5E-DD0E-F736-3983-417EDFAC31E3}"
EndProject
Project("{FAE04EC0-301F-11D3-BF4B-00C04F79EFBC}") = "Unity.TextMeshPro.Editor", "Unity.TextMeshPro.Editor.csproj", "{660C4DDC-2B04-2A4E-FF53-B8C34A5F28F6}"
EndProject
Project("{FAE04EC0-301F-11D3-BF4B-00C04F79EFBC}") = "Unity.Rendering.LightTransport.Runtime", "Unity.Rendering.LightTransport.Runtime.csproj", "{380B9401-2805-55E7-B271-475938873EFE}"
EndProject
Project("{FAE04EC0-301F-11D3-BF4B-00C04F79EFBC}") = "Unity.Burst.Editor", "Unity.Burst.Editor.csproj", "{630D8E55-5782-4876-CCA9-BEE315EB6732}"
EndProject
Project("{FAE04EC0-301F-11D3-BF4B-00C04F79EFBC}") = "Unity.Rider.Editor", "Unity.Rider.Editor.csproj", "{0656FF5A-CF7B-2558-C06C-4FD20AAA6D94}"
EndProject
Project("{FAE04EC0-301F-11D3-BF4B-00C04F79EFBC}") = "Unity.VisualScripting.State", "Unity.VisualScripting.State.csproj", "{1600FA1F-0D48-C58E-8C82-B9B7FA6E3194}"
EndProject
Project("{FAE04EC0-301F-11D3-BF4B-00C04F79EFBC}") = "Unity.AI.Navigation.Updater", "Unity.AI.Navigation.Updater.csproj", "{89484D40-4DF7-2A52-968B-F076189E80EF}"
EndProject
Project("{FAE04EC0-301F-11D3-BF4B-00C04F79EFBC}") = "UnityEditor.UI", "UnityEditor.UI.csproj", "{26914F43-EFE1-FC74-6AB0-F899E1A902B9}"
EndProject
Project("{FAE04EC0-301F-11D3-BF4B-00C04F79EFBC}") = "Unity.AI.Navigation.Editor", "Unity.AI.Navigation.Editor.csproj", "{4F79B362-DC7C-5E30-6C3A-5C308A40F0E1}"
EndProject
Project("{FAE04EC0-301F-11D3-BF4B-00C04F79EFBC}") = "Unity.Multiplayer.Center.Common", "Unity.Multiplayer.Center.Common.csproj", "{4A6E7ABC-3DE8-1032-5D51-008B06D2588C}"
EndProject
Project("{FAE04EC0-301F-11D3-BF4B-00C04F79EFBC}") = "Unity.InputSystem.ForUI", "Unity.InputSystem.ForUI.csproj", "{2FE3AA1A-3289-BA8B-C839-8C11759D235E}"
EndProject
Project("{FAE04EC0-301F-11D3-BF4B-00C04F79EFBC}") = "Unity.AI.Navigation", "Unity.AI.Navigation.csproj", "{C9847895-8C6B-95F0-FC9C-1E05728A4D1B}"
EndProject
Project("{FAE04EC0-301F-11D3-BF4B-00C04F79EFBC}") = "Unity.Collections.CodeGen", "Unity.Collections.CodeGen.csproj", "{D04B89DA-7378-F857-323B-3B2076DFCDD4}"
EndProject
Project("{FAE04EC0-301F-11D3-BF4B-00C04F79EFBC}") = "Unity.Mathematics.Editor", "Unity.Mathematics.Editor.csproj", "{8C1B42EF-0E4D-57D0-4034-EC29D010860C}"
EndProject
Project("{FAE04EC0-301F-11D3-BF4B-00C04F79EFBC}") = "Unity.VisualScripting.SettingsProvider.Editor", "Unity.VisualScripting.SettingsProvider.Editor.csproj", "{05ABDFB6-98F7-EA7B-634B-9F89941E28F3}"
EndProject
Project("{FAE04EC0-301F-11D3-BF4B-00C04F79EFBC}") = "Assembly-CSharp-Editor", "Assembly-CSharp-Editor.csproj", "{57680AD9-081C-23DF-37B9-FBEE20793B97}"
EndProject
Project("{FAE04EC0-301F-11D3-BF4B-00C04F79EFBC}") = "Unity.InputSystem.TestFramework", "Unity.InputSystem.TestFramework.csproj", "{5F886272-222A-3BA7-65C3-CC883CAE4455}"
EndProject
Project("{FAE04EC0-301F-11D3-BF4B-00C04F79EFBC}") = "Unity.CollabProxy.Editor", "Unity.CollabProxy.Editor.csproj", "{B84829C7-D816-903D-971E-020269F778B2}"
EndProject
Project("{FAE04EC0-301F-11D3-BF4B-00C04F79EFBC}") = "Unity.ShaderGraph.Utilities", "Unity.ShaderGraph.Utilities.csproj", "{6083DEA0-5BB6-C4E2-8757-EF896449497C}"
EndProject
Project("{FAE04EC0-301F-11D3-BF4B-00C04F79EFBC}") = "Unity.VisualScripting.Shared.Editor", "Unity.VisualScripting.Shared.Editor.csproj", "{BBCEC66B-66AB-CA0C-8E22-A5B67325DDAD}"
EndProject
Project("{FAE04EC0-301F-11D3-BF4B-00C04F79EFBC}") = "Unity.RenderPipeline.Universal.ShaderLibrary", "Unity.RenderPipeline.Universal.ShaderLibrary.csproj", "{0120AB95-0C52-918D-4D84-8DF994861AEF}"
EndProject
Project("{FAE04EC0-301F-11D3-BF4B-00C04F79EFBC}") = "Unity.Rendering.LightTransport.Editor", "Unity.Rendering.LightTransport.Editor.csproj", "{15F3B244-F879-0342-8A7A-06CA677F01A8}"
EndProject
Project("{FAE04EC0-301F-11D3-BF4B-00C04F79EFBC}") = "Unity.InputSystem.DocCodeSamples", "Unity.InputSystem.DocCodeSamples.csproj", "{FC9E3AD6-7EB7-8F41-966F-ACDA8E729351}"
EndProject
Project("{FAE04EC0-301F-11D3-BF4B-00C04F79EFBC}") = "Unity.RenderPipelines.Universal.Shaders", "Unity.RenderPipelines.Universal.Shaders.csproj", "{928E6881-41F7-5BF4-5D96-5122EABAC2FF}"
EndProject
Project("{FAE04EC0-301F-11D3-BF4B-00C04F79EFBC}") = "Unity.RenderPipelines.Core.Runtime.Shared", "Unity.RenderPipelines.Core.Runtime.Shared.csproj", "{194938E7-C316-7F9A-A1CC-29F591C66979}"
EndProject
Project("{FAE04EC0-301F-11D3-BF4B-00C04F79EFBC}") = "Assembly-CSharp", "Assembly-CSharp.csproj", "{2F1E9E62-C454-CE83-B6FD-2EAC0528E426}"
EndProject
Project("{FAE04EC0-301F-11D3-BF4B-00C04F79EFBC}") = "Unity.PlasticSCM.Editor.Entities", "Unity.PlasticSCM.Editor.Entities.csproj", "{5C42D7A9-ACF0-6E96-81BD-4BAA3C5FDFB4}"
EndProject
Project("{FAE04EC0-301F-11D3-BF4B-00C04F79EFBC}") = "Unity.Collections.Editor", "Unity.Collections.Editor.csproj", "{7ACD48FB-32D2-D310-601F-B7C1B7261B7C}"
EndProject
Project("{FAE04EC0-301F-11D3-BF4B-00C04F79EFBC}") = "Unity.RenderPipelines.Universal.Config.Runtime", "Unity.RenderPipelines.Universal.Config.Runtime.csproj", "{A2AD4319-DADF-D4A8-42DD-6A1412EDDBC2}"
EndProject
Project("{FAE04EC0-301F-11D3-BF4B-00C04F79EFBC}") = "Unity.RenderPipelines.ShaderGraph.ShaderGraphLibrary", "Unity.RenderPipelines.ShaderGraph.ShaderGraphLibrary.csproj", "{FC23A3C3-D6F0-EFB5-6619-33699D06BE9A}"
EndProject
Project("{FAE04EC0-301F-11D3-BF4B-00C04F79EFBC}") = "Unity.RenderPipelines.Core.ShaderLibrary", "Unity.RenderPipelines.Core.ShaderLibrary.csproj", "{E0FC88CB-8A70-F47D-EEDD-C63521E651FE}"
EndProject
Project("{FAE04EC0-301F-11D3-BF4B-00C04F79EFBC}") = "Unity.RenderPipelines.Core.Editor.Shared", "Unity.RenderPipelines.Core.Editor.Shared.csproj", "{F6D648F2-E02E-8D8D-1B9C-59FB17D2BA9A}"
EndProject
Global
	GlobalSection(SolutionConfigurationPlatforms) = preSolution
		Debug|Any CPU = Debug|Any CPU
		Release|Any CPU = Release|Any CPU
	EndGlobalSection
	GlobalSection(ProjectConfigurationPlatforms) = postSolution
		{DEC746BF-4C51-DBBC-C3BF-DBA68547D729}.Debug|Any CPU.ActiveCfg = Debug|Any CPU
		{DEC746BF-4C51-DBBC-C3BF-DBA68547D729}.Debug|Any CPU.Build.0 = Debug|Any CPU
		{DEC746BF-4C51-DBBC-C3BF-DBA68547D729}.Release|Any CPU.ActiveCfg = Release|Any CPU
		{DEC746BF-4C51-DBBC-C3BF-DBA68547D729}.Release|Any CPU.Build.0 = Release|Any CPU
		{75B7A7BA-CDA3-C8A2-0E8C-6D8A16F6BAF3}.Debug|Any CPU.ActiveCfg = Debug|Any CPU
		{75B7A7BA-CDA3-C8A2-0E8C-6D8A16F6BAF3}.Debug|Any CPU.Build.0 = Debug|Any CPU
		{75B7A7BA-CDA3-C8A2-0E8C-6D8A16F6BAF3}.Release|Any CPU.ActiveCfg = Release|Any CPU
		{75B7A7BA-CDA3-C8A2-0E8C-6D8A16F6BAF3}.Release|Any CPU.Build.0 = Release|Any CPU
		{00E2772F-20B9-0CB8-47B6-74908584FFDA}.Debug|Any CPU.ActiveCfg = Debug|Any CPU
		{00E2772F-20B9-0CB8-47B6-74908584FFDA}.Debug|Any CPU.Build.0 = Debug|Any CPU
		{00E2772F-20B9-0CB8-47B6-74908584FFDA}.Release|Any CPU.ActiveCfg = Release|Any CPU
		{00E2772F-20B9-0CB8-47B6-74908584FFDA}.Release|Any CPU.Build.0 = Release|Any CPU
		{E1F2D9D9-51CF-4D9E-BA5F-3ACCC1B08E77}.Debug|Any CPU.ActiveCfg = Debug|Any CPU
		{E1F2D9D9-51CF-4D9E-BA5F-3ACCC1B08E77}.Debug|Any CPU.Build.0 = Debug|Any CPU
		{E1F2D9D9-51CF-4D9E-BA5F-3ACCC1B08E77}.Release|Any CPU.ActiveCfg = Release|Any CPU
		{E1F2D9D9-51CF-4D9E-BA5F-3ACCC1B08E77}.Release|Any CPU.Build.0 = Release|Any CPU
		{88C00FAB-ADFB-657D-B3BA-E99015FF0996}.Debug|Any CPU.ActiveCfg = Debug|Any CPU
		{88C00FAB-ADFB-657D-B3BA-E99015FF0996}.Debug|Any CPU.Build.0 = Debug|Any CPU
		{88C00FAB-ADFB-657D-B3BA-E99015FF0996}.Release|Any CPU.ActiveCfg = Release|Any CPU
		{88C00FAB-ADFB-657D-B3BA-E99015FF0996}.Release|Any CPU.Build.0 = Release|Any CPU
		{A02E63F1-DCDA-2EB8-C0ED-E776367283E2}.Debug|Any CPU.ActiveCfg = Debug|Any CPU
		{A02E63F1-DCDA-2EB8-C0ED-E776367283E2}.Debug|Any CPU.Build.0 = Debug|Any CPU
		{A02E63F1-DCDA-2EB8-C0ED-E776367283E2}.Release|Any CPU.ActiveCfg = Release|Any CPU
		{A02E63F1-DCDA-2EB8-C0ED-E776367283E2}.Release|Any CPU.Build.0 = Release|Any CPU
		{16F5E6F9-0BA8-7E09-7F34-69E6FFFAB4D0}.Debug|Any CPU.ActiveCfg = Debug|Any CPU
		{16F5E6F9-0BA8-7E09-7F34-69E6FFFAB4D0}.Debug|Any CPU.Build.0 = Debug|Any CPU
		{16F5E6F9-0BA8-7E09-7F34-69E6FFFAB4D0}.Release|Any CPU.ActiveCfg = Release|Any CPU
		{16F5E6F9-0BA8-7E09-7F34-69E6FFFAB4D0}.Release|Any CPU.Build.0 = Release|Any CPU
		{04314605-2679-414F-2C23-05451C7ED2C3}.Debug|Any CPU.ActiveCfg = Debug|Any CPU
		{04314605-2679-414F-2C23-05451C7ED2C3}.Debug|Any CPU.Build.0 = Debug|Any CPU
		{04314605-2679-414F-2C23-05451C7ED2C3}.Release|Any CPU.ActiveCfg = Release|Any CPU
		{04314605-2679-414F-2C23-05451C7ED2C3}.Release|Any CPU.Build.0 = Release|Any CPU
		{9DE94D56-3802-9E75-98C8-7977EDA16C11}.Debug|Any CPU.ActiveCfg = Debug|Any CPU
		{9DE94D56-3802-9E75-98C8-7977EDA16C11}.Debug|Any CPU.Build.0 = Debug|Any CPU
		{9DE94D56-3802-9E75-98C8-7977EDA16C11}.Release|Any CPU.ActiveCfg = Release|Any CPU
		{9DE94D56-3802-9E75-98C8-7977EDA16C11}.Release|Any CPU.Build.0 = Release|Any CPU
		{604489FF-B52F-790F-6944-55CEA2A5FE01}.Debug|Any CPU.ActiveCfg = Debug|Any CPU
		{604489FF-B52F-790F-6944-55CEA2A5FE01}.Debug|Any CPU.Build.0 = Debug|Any CPU
		{604489FF-B52F-790F-6944-55CEA2A5FE01}.Release|Any CPU.ActiveCfg = Release|Any CPU
		{604489FF-B52F-790F-6944-55CEA2A5FE01}.Release|Any CPU.Build.0 = Release|Any CPU
		{BA011013-B8FC-636F-9885-D8C8DC126913}.Debug|Any CPU.ActiveCfg = Debug|Any CPU
		{BA011013-B8FC-636F-9885-D8C8DC126913}.Debug|Any CPU.Build.0 = Debug|Any CPU
		{BA011013-B8FC-636F-9885-D8C8DC126913}.Release|Any CPU.ActiveCfg = Release|Any CPU
		{BA011013-B8FC-636F-9885-D8C8DC126913}.Release|Any CPU.Build.0 = Release|Any CPU
		{14E8B2AA-AA0F-EE08-B8A9-4BF3CED4FC0F}.Debug|Any CPU.ActiveCfg = Debug|Any CPU
		{14E8B2AA-AA0F-EE08-B8A9-4BF3CED4FC0F}.Debug|Any CPU.Build.0 = Debug|Any CPU
		{14E8B2AA-AA0F-EE08-B8A9-4BF3CED4FC0F}.Release|Any CPU.ActiveCfg = Release|Any CPU
		{14E8B2AA-AA0F-EE08-B8A9-4BF3CED4FC0F}.Release|Any CPU.Build.0 = Release|Any CPU
		{BF3317ED-F09B-3FE5-B240-BDD9F5FEC76D}.Debug|Any CPU.ActiveCfg = Debug|Any CPU
		{BF3317ED-F09B-3FE5-B240-BDD9F5FEC76D}.Debug|Any CPU.Build.0 = Debug|Any CPU
		{BF3317ED-F09B-3FE5-B240-BDD9F5FEC76D}.Release|Any CPU.ActiveCfg = Release|Any CPU
		{BF3317ED-F09B-3FE5-B240-BDD9F5FEC76D}.Release|Any CPU.Build.0 = Release|Any CPU
		{A78E07EF-26E3-2500-DD52-96AA2A09AF5C}.Debug|Any CPU.ActiveCfg = Debug|Any CPU
		{A78E07EF-26E3-2500-DD52-96AA2A09AF5C}.Debug|Any CPU.Build.0 = Debug|Any CPU
		{A78E07EF-26E3-2500-DD52-96AA2A09AF5C}.Release|Any CPU.ActiveCfg = Release|Any CPU
		{A78E07EF-26E3-2500-DD52-96AA2A09AF5C}.Release|Any CPU.Build.0 = Release|Any CPU
		{7244B694-CE27-D64E-1A87-6186D0887134}.Debug|Any CPU.ActiveCfg = Debug|Any CPU
		{7244B694-CE27-D64E-1A87-6186D0887134}.Debug|Any CPU.Build.0 = Debug|Any CPU
		{7244B694-CE27-D64E-1A87-6186D0887134}.Release|Any CPU.ActiveCfg = Release|Any CPU
		{7244B694-CE27-D64E-1A87-6186D0887134}.Release|Any CPU.Build.0 = Release|Any CPU
		{66938507-6ED7-FF89-0D34-4BEBF2272894}.Debug|Any CPU.ActiveCfg = Debug|Any CPU
		{66938507-6ED7-FF89-0D34-4BEBF2272894}.Debug|Any CPU.Build.0 = Debug|Any CPU
		{66938507-6ED7-FF89-0D34-4BEBF2272894}.Release|Any CPU.ActiveCfg = Release|Any CPU
		{66938507-6ED7-FF89-0D34-4BEBF2272894}.Release|Any CPU.Build.0 = Release|Any CPU
		{B1E3721A-13E1-8170-850D-7C60D9E67848}.Debug|Any CPU.ActiveCfg = Debug|Any CPU
		{B1E3721A-13E1-8170-850D-7C60D9E67848}.Debug|Any CPU.Build.0 = Debug|Any CPU
		{B1E3721A-13E1-8170-850D-7C60D9E67848}.Release|Any CPU.ActiveCfg = Release|Any CPU
		{B1E3721A-13E1-8170-850D-7C60D9E67848}.Release|Any CPU.Build.0 = Release|Any CPU
		{2F9F519B-295E-AA04-FF95-741710DEC542}.Debug|Any CPU.ActiveCfg = Debug|Any CPU
		{2F9F519B-295E-AA04-FF95-741710DEC542}.Debug|Any CPU.Build.0 = Debug|Any CPU
		{2F9F519B-295E-AA04-FF95-741710DEC542}.Release|Any CPU.ActiveCfg = Release|Any CPU
		{2F9F519B-295E-AA04-FF95-741710DEC542}.Release|Any CPU.Build.0 = Release|Any CPU
		{0B423D49-5881-F668-F477-873880738DAC}.Debug|Any CPU.ActiveCfg = Debug|Any CPU
		{0B423D49-5881-F668-F477-873880738DAC}.Debug|Any CPU.Build.0 = Debug|Any CPU
		{0B423D49-5881-F668-F477-873880738DAC}.Release|Any CPU.ActiveCfg = Release|Any CPU
		{0B423D49-5881-F668-F477-873880738DAC}.Release|Any CPU.Build.0 = Release|Any CPU
		{647358A7-9E56-49B2-6331-702D62EC2B22}.Debug|Any CPU.ActiveCfg = Debug|Any CPU
		{647358A7-9E56-49B2-6331-702D62EC2B22}.Debug|Any CPU.Build.0 = Debug|Any CPU
		{647358A7-9E56-49B2-6331-702D62EC2B22}.Release|Any CPU.ActiveCfg = Release|Any CPU
		{647358A7-9E56-49B2-6331-702D62EC2B22}.Release|Any CPU.Build.0 = Release|Any CPU
		{1B65B87B-A4D9-C201-3D2D-A3D94AB429CE}.Debug|Any CPU.ActiveCfg = Debug|Any CPU
		{1B65B87B-A4D9-C201-3D2D-A3D94AB429CE}.Debug|Any CPU.Build.0 = Debug|Any CPU
		{1B65B87B-A4D9-C201-3D2D-A3D94AB429CE}.Release|Any CPU.ActiveCfg = Release|Any CPU
		{1B65B87B-A4D9-C201-3D2D-A3D94AB429CE}.Release|Any CPU.Build.0 = Release|Any CPU
		{19312DDD-2B60-4D06-1AD8-5A56516D9FC5}.Debug|Any CPU.ActiveCfg = Debug|Any CPU
		{19312DDD-2B60-4D06-1AD8-5A56516D9FC5}.Debug|Any CPU.Build.0 = Debug|Any CPU
		{19312DDD-2B60-4D06-1AD8-5A56516D9FC5}.Release|Any CPU.ActiveCfg = Release|Any CPU
		{19312DDD-2B60-4D06-1AD8-5A56516D9FC5}.Release|Any CPU.Build.0 = Release|Any CPU
		{9B8CD163-DFD8-2BEB-264F-8A9E088D1129}.Debug|Any CPU.ActiveCfg = Debug|Any CPU
		{9B8CD163-DFD8-2BEB-264F-8A9E088D1129}.Debug|Any CPU.Build.0 = Debug|Any CPU
		{9B8CD163-DFD8-2BEB-264F-8A9E088D1129}.Release|Any CPU.ActiveCfg = Release|Any CPU
		{9B8CD163-DFD8-2BEB-264F-8A9E088D1129}.Release|Any CPU.Build.0 = Release|Any CPU
		{95272928-53F9-E441-53E9-E6D1ED0927B8}.Debug|Any CPU.ActiveCfg = Debug|Any CPU
		{95272928-53F9-E441-53E9-E6D1ED0927B8}.Debug|Any CPU.Build.0 = Debug|Any CPU
		{95272928-53F9-E441-53E9-E6D1ED0927B8}.Release|Any CPU.ActiveCfg = Release|Any CPU
		{95272928-53F9-E441-53E9-E6D1ED0927B8}.Release|Any CPU.Build.0 = Release|Any CPU
		{7EB9998C-D840-BF68-561F-3BA326DD5B34}.Debug|Any CPU.ActiveCfg = Debug|Any CPU
		{7EB9998C-D840-BF68-561F-3BA326DD5B34}.Debug|Any CPU.Build.0 = Debug|Any CPU
		{7EB9998C-D840-BF68-561F-3BA326DD5B34}.Release|Any CPU.ActiveCfg = Release|Any CPU
		{7EB9998C-D840-BF68-561F-3BA326DD5B34}.Release|Any CPU.Build.0 = Release|Any CPU
		{2FDA063F-61F7-61F0-8FA7-C1C6C1CFB035}.Debug|Any CPU.ActiveCfg = Debug|Any CPU
		{2FDA063F-61F7-61F0-8FA7-C1C6C1CFB035}.Debug|Any CPU.Build.0 = Debug|Any CPU
		{2FDA063F-61F7-61F0-8FA7-C1C6C1CFB035}.Release|Any CPU.ActiveCfg = Release|Any CPU
		{2FDA063F-61F7-61F0-8FA7-C1C6C1CFB035}.Release|Any CPU.Build.0 = Release|Any CPU
		{12FBC87E-F6AF-B13D-0FBC-A6F843969E97}.Debug|Any CPU.ActiveCfg = Debug|Any CPU
		{12FBC87E-F6AF-B13D-0FBC-A6F843969E97}.Debug|Any CPU.Build.0 = Debug|Any CPU
		{12FBC87E-F6AF-B13D-0FBC-A6F843969E97}.Release|Any CPU.ActiveCfg = Release|Any CPU
		{12FBC87E-F6AF-B13D-0FBC-A6F843969E97}.Release|Any CPU.Build.0 = Release|Any CPU
		{D7583743-5C54-813C-9BEC-6EFA73CA56AF}.Debug|Any CPU.ActiveCfg = Debug|Any CPU
		{D7583743-5C54-813C-9BEC-6EFA73CA56AF}.Debug|Any CPU.Build.0 = Debug|Any CPU
		{D7583743-5C54-813C-9BEC-6EFA73CA56AF}.Release|Any CPU.ActiveCfg = Release|Any CPU
		{D7583743-5C54-813C-9BEC-6EFA73CA56AF}.Release|Any CPU.Build.0 = Release|Any CPU
		{E5CE3685-A734-B686-6C6D-E1483F083FE2}.Debug|Any CPU.ActiveCfg = Debug|Any CPU
		{E5CE3685-A734-B686-6C6D-E1483F083FE2}.Debug|Any CPU.Build.0 = Debug|Any CPU
		{E5CE3685-A734-B686-6C6D-E1483F083FE2}.Release|Any CPU.ActiveCfg = Release|Any CPU
		{E5CE3685-A734-B686-6C6D-E1483F083FE2}.Release|Any CPU.Build.0 = Release|Any CPU
		{F681209A-F506-5B5D-5FA4-D6A6F4C087E3}.Debug|Any CPU.ActiveCfg = Debug|Any CPU
		{F681209A-F506-5B5D-5FA4-D6A6F4C087E3}.Debug|Any CPU.Build.0 = Debug|Any CPU
		{F681209A-F506-5B5D-5FA4-D6A6F4C087E3}.Release|Any CPU.ActiveCfg = Release|Any CPU
		{F681209A-F506-5B5D-5FA4-D6A6F4C087E3}.Release|Any CPU.Build.0 = Release|Any CPU
		{E92CED5E-DD0E-F736-3983-417EDFAC31E3}.Debug|Any CPU.ActiveCfg = Debug|Any CPU
		{E92CED5E-DD0E-F736-3983-417EDFAC31E3}.Debug|Any CPU.Build.0 = Debug|Any CPU
		{E92CED5E-DD0E-F736-3983-417EDFAC31E3}.Release|Any CPU.ActiveCfg = Release|Any CPU
		{E92CED5E-DD0E-F736-3983-417EDFAC31E3}.Release|Any CPU.Build.0 = Release|Any CPU
		{660C4DDC-2B04-2A4E-FF53-B8C34A5F28F6}.Debug|Any CPU.ActiveCfg = Debug|Any CPU
		{660C4DDC-2B04-2A4E-FF53-B8C34A5F28F6}.Debug|Any CPU.Build.0 = Debug|Any CPU
		{660C4DDC-2B04-2A4E-FF53-B8C34A5F28F6}.Release|Any CPU.ActiveCfg = Release|Any CPU
		{660C4DDC-2B04-2A4E-FF53-B8C34A5F28F6}.Release|Any CPU.Build.0 = Release|Any CPU
		{380B9401-2805-55E7-B271-475938873EFE}.Debug|Any CPU.ActiveCfg = Debug|Any CPU
		{380B9401-2805-55E7-B271-475938873EFE}.Debug|Any CPU.Build.0 = Debug|Any CPU
		{380B9401-2805-55E7-B271-475938873EFE}.Release|Any CPU.ActiveCfg = Release|Any CPU
		{380B9401-2805-55E7-B271-475938873EFE}.Release|Any CPU.Build.0 = Release|Any CPU
		{630D8E55-5782-4876-CCA9-BEE315EB6732}.Debug|Any CPU.ActiveCfg = Debug|Any CPU
		{630D8E55-5782-4876-CCA9-BEE315EB6732}.Debug|Any CPU.Build.0 = Debug|Any CPU
		{630D8E55-5782-4876-CCA9-BEE315EB6732}.Release|Any CPU.ActiveCfg = Release|Any CPU
		{630D8E55-5782-4876-CCA9-BEE315EB6732}.Release|Any CPU.Build.0 = Release|Any CPU
		{0656FF5A-CF7B-2558-C06C-4FD20AAA6D94}.Debug|Any CPU.ActiveCfg = Debug|Any CPU
		{0656FF5A-CF7B-2558-C06C-4FD20AAA6D94}.Debug|Any CPU.Build.0 = Debug|Any CPU
		{0656FF5A-CF7B-2558-C06C-4FD20AAA6D94}.Release|Any CPU.ActiveCfg = Release|Any CPU
		{0656FF5A-CF7B-2558-C06C-4FD20AAA6D94}.Release|Any CPU.Build.0 = Release|Any CPU
		{1600FA1F-0D48-C58E-8C82-B9B7FA6E3194}.Debug|Any CPU.ActiveCfg = Debug|Any CPU
		{1600FA1F-0D48-C58E-8C82-B9B7FA6E3194}.Debug|Any CPU.Build.0 = Debug|Any CPU
		{1600FA1F-0D48-C58E-8C82-B9B7FA6E3194}.Release|Any CPU.ActiveCfg = Release|Any CPU
		{1600FA1F-0D48-C58E-8C82-B9B7FA6E3194}.Release|Any CPU.Build.0 = Release|Any CPU
		{89484D40-4DF7-2A52-968B-F076189E80EF}.Debug|Any CPU.ActiveCfg = Debug|Any CPU
		{89484D40-4DF7-2A52-968B-F076189E80EF}.Debug|Any CPU.Build.0 = Debug|Any CPU
		{89484D40-4DF7-2A52-968B-F076189E80EF}.Release|Any CPU.ActiveCfg = Release|Any CPU
		{89484D40-4DF7-2A52-968B-F076189E80EF}.Release|Any CPU.Build.0 = Release|Any CPU
		{26914F43-EFE1-FC74-6AB0-F899E1A902B9}.Debug|Any CPU.ActiveCfg = Debug|Any CPU
		{26914F43-EFE1-FC74-6AB0-F899E1A902B9}.Debug|Any CPU.Build.0 = Debug|Any CPU
		{26914F43-EFE1-FC74-6AB0-F899E1A902B9}.Release|Any CPU.ActiveCfg = Release|Any CPU
		{26914F43-EFE1-FC74-6AB0-F899E1A902B9}.Release|Any CPU.Build.0 = Release|Any CPU
		{4F79B362-DC7C-5E30-6C3A-5C308A40F0E1}.Debug|Any CPU.ActiveCfg = Debug|Any CPU
		{4F79B362-DC7C-5E30-6C3A-5C308A40F0E1}.Debug|Any CPU.Build.0 = Debug|Any CPU
		{4F79B362-DC7C-5E30-6C3A-5C308A40F0E1}.Release|Any CPU.ActiveCfg = Release|Any CPU
		{4F79B362-DC7C-5E30-6C3A-5C308A40F0E1}.Release|Any CPU.Build.0 = Release|Any CPU
		{4A6E7ABC-3DE8-1032-5D51-008B06D2588C}.Debug|Any CPU.ActiveCfg = Debug|Any CPU
		{4A6E7ABC-3DE8-1032-5D51-008B06D2588C}.Debug|Any CPU.Build.0 = Debug|Any CPU
		{4A6E7ABC-3DE8-1032-5D51-008B06D2588C}.Release|Any CPU.ActiveCfg = Release|Any CPU
		{4A6E7ABC-3DE8-1032-5D51-008B06D2588C}.Release|Any CPU.Build.0 = Release|Any CPU
		{2FE3AA1A-3289-BA8B-C839-8C11759D235E}.Debug|Any CPU.ActiveCfg = Debug|Any CPU
		{2FE3AA1A-3289-BA8B-C839-8C11759D235E}.Debug|Any CPU.Build.0 = Debug|Any CPU
		{2FE3AA1A-3289-BA8B-C839-8C11759D235E}.Release|Any CPU.ActiveCfg = Release|Any CPU
		{2FE3AA1A-3289-BA8B-C839-8C11759D235E}.Release|Any CPU.Build.0 = Release|Any CPU
		{C9847895-8C6B-95F0-FC9C-1E05728A4D1B}.Debug|Any CPU.ActiveCfg = Debug|Any CPU
		{C9847895-8C6B-95F0-FC9C-1E05728A4D1B}.Debug|Any CPU.Build.0 = Debug|Any CPU
		{C9847895-8C6B-95F0-FC9C-1E05728A4D1B}.Release|Any CPU.ActiveCfg = Release|Any CPU
		{C9847895-8C6B-95F0-FC9C-1E05728A4D1B}.Release|Any CPU.Build.0 = Release|Any CPU
		{D04B89DA-7378-F857-323B-3B2076DFCDD4}.Debug|Any CPU.ActiveCfg = Debug|Any CPU
		{D04B89DA-7378-F857-323B-3B2076DFCDD4}.Debug|Any CPU.Build.0 = Debug|Any CPU
		{D04B89DA-7378-F857-323B-3B2076DFCDD4}.Release|Any CPU.ActiveCfg = Release|Any CPU
		{D04B89DA-7378-F857-323B-3B2076DFCDD4}.Release|Any CPU.Build.0 = Release|Any CPU
		{8C1B42EF-0E4D-57D0-4034-EC29D010860C}.Debug|Any CPU.ActiveCfg = Debug|Any CPU
		{8C1B42EF-0E4D-57D0-4034-EC29D010860C}.Debug|Any CPU.Build.0 = Debug|Any CPU
		{8C1B42EF-0E4D-57D0-4034-EC29D010860C}.Release|Any CPU.ActiveCfg = Release|Any CPU
		{8C1B42EF-0E4D-57D0-4034-EC29D010860C}.Release|Any CPU.Build.0 = Release|Any CPU
		{05ABDFB6-98F7-EA7B-634B-9F89941E28F3}.Debug|Any CPU.ActiveCfg = Debug|Any CPU
		{05ABDFB6-98F7-EA7B-634B-9F89941E28F3}.Debug|Any CPU.Build.0 = Debug|Any CPU
		{05ABDFB6-98F7-EA7B-634B-9F89941E28F3}.Release|Any CPU.ActiveCfg = Release|Any CPU
		{05ABDFB6-98F7-EA7B-634B-9F89941E28F3}.Release|Any CPU.Build.0 = Release|Any CPU
		{57680AD9-081C-23DF-37B9-FBEE20793B97}.Debug|Any CPU.ActiveCfg = Debug|Any CPU
		{57680AD9-081C-23DF-37B9-FBEE20793B97}.Debug|Any CPU.Build.0 = Debug|Any CPU
		{57680AD9-081C-23DF-37B9-FBEE20793B97}.Release|Any CPU.ActiveCfg = Release|Any CPU
		{57680AD9-081C-23DF-37B9-FBEE20793B97}.Release|Any CPU.Build.0 = Release|Any CPU
		{5F886272-222A-3BA7-65C3-CC883CAE4455}.Debug|Any CPU.ActiveCfg = Debug|Any CPU
		{5F886272-222A-3BA7-65C3-CC883CAE4455}.Debug|Any CPU.Build.0 = Debug|Any CPU
		{5F886272-222A-3BA7-65C3-CC883CAE4455}.Release|Any CPU.ActiveCfg = Release|Any CPU
		{5F886272-222A-3BA7-65C3-CC883CAE4455}.Release|Any CPU.Build.0 = Release|Any CPU
		{B84829C7-D816-903D-971E-020269F778B2}.Debug|Any CPU.ActiveCfg = Debug|Any CPU
		{B84829C7-D816-903D-971E-020269F778B2}.Debug|Any CPU.Build.0 = Debug|Any CPU
		{B84829C7-D816-903D-971E-020269F778B2}.Release|Any CPU.ActiveCfg = Release|Any CPU
		{B84829C7-D816-903D-971E-020269F778B2}.Release|Any CPU.Build.0 = Release|Any CPU
		{6083DEA0-5BB6-C4E2-8757-EF896449497C}.Debug|Any CPU.ActiveCfg = Debug|Any CPU
		{6083DEA0-5BB6-C4E2-8757-EF896449497C}.Debug|Any CPU.Build.0 = Debug|Any CPU
		{6083DEA0-5BB6-C4E2-8757-EF896449497C}.Release|Any CPU.ActiveCfg = Release|Any CPU
		{6083DEA0-5BB6-C4E2-8757-EF896449497C}.Release|Any CPU.Build.0 = Release|Any CPU
		{BBCEC66B-66AB-CA0C-8E22-A5B67325DDAD}.Debug|Any CPU.ActiveCfg = Debug|Any CPU
		{BBCEC66B-66AB-CA0C-8E22-A5B67325DDAD}.Debug|Any CPU.Build.0 = Debug|Any CPU
		{BBCEC66B-66AB-CA0C-8E22-A5B67325DDAD}.Release|Any CPU.ActiveCfg = Release|Any CPU
		{BBCEC66B-66AB-CA0C-8E22-A5B67325DDAD}.Release|Any CPU.Build.0 = Release|Any CPU
		{0120AB95-0C52-918D-4D84-8DF994861AEF}.Debug|Any CPU.ActiveCfg = Debug|Any CPU
		{0120AB95-0C52-918D-4D84-8DF994861AEF}.Debug|Any CPU.Build.0 = Debug|Any CPU
		{0120AB95-0C52-918D-4D84-8DF994861AEF}.Release|Any CPU.ActiveCfg = Release|Any CPU
		{0120AB95-0C52-918D-4D84-8DF994861AEF}.Release|Any CPU.Build.0 = Release|Any CPU
		{15F3B244-F879-0342-8A7A-06CA677F01A8}.Debug|Any CPU.ActiveCfg = Debug|Any CPU
		{15F3B244-F879-0342-8A7A-06CA677F01A8}.Debug|Any CPU.Build.0 = Debug|Any CPU
		{15F3B244-F879-0342-8A7A-06CA677F01A8}.Release|Any CPU.ActiveCfg = Release|Any CPU
		{15F3B244-F879-0342-8A7A-06CA677F01A8}.Release|Any CPU.Build.0 = Release|Any CPU
		{FC9E3AD6-7EB7-8F41-966F-ACDA8E729351}.Debug|Any CPU.ActiveCfg = Debug|Any CPU
		{FC9E3AD6-7EB7-8F41-966F-ACDA8E729351}.Debug|Any CPU.Build.0 = Debug|Any CPU
		{FC9E3AD6-7EB7-8F41-966F-ACDA8E729351}.Release|Any CPU.ActiveCfg = Release|Any CPU
		{FC9E3AD6-7EB7-8F41-966F-ACDA8E729351}.Release|Any CPU.Build.0 = Release|Any CPU
		{928E6881-41F7-5BF4-5D96-5122EABAC2FF}.Debug|Any CPU.ActiveCfg = Debug|Any CPU
		{928E6881-41F7-5BF4-5D96-5122EABAC2FF}.Debug|Any CPU.Build.0 = Debug|Any CPU
		{928E6881-41F7-5BF4-5D96-5122EABAC2FF}.Release|Any CPU.ActiveCfg = Release|Any CPU
		{928E6881-41F7-5BF4-5D96-5122EABAC2FF}.Release|Any CPU.Build.0 = Release|Any CPU
		{194938E7-C316-7F9A-A1CC-29F591C66979}.Debug|Any CPU.ActiveCfg = Debug|Any CPU
		{194938E7-C316-7F9A-A1CC-29F591C66979}.Debug|Any CPU.Build.0 = Debug|Any CPU
		{194938E7-C316-7F9A-A1CC-29F591C66979}.Release|Any CPU.ActiveCfg = Release|Any CPU
		{194938E7-C316-7F9A-A1CC-29F591C66979}.Release|Any CPU.Build.0 = Release|Any CPU
		{2F1E9E62-C454-CE83-B6FD-2EAC0528E426}.Debug|Any CPU.ActiveCfg = Debug|Any CPU
		{2F1E9E62-C454-CE83-B6FD-2EAC0528E426}.Debug|Any CPU.Build.0 = Debug|Any CPU
		{2F1E9E62-C454-CE83-B6FD-2EAC0528E426}.Release|Any CPU.ActiveCfg = Release|Any CPU
		{2F1E9E62-C454-CE83-B6FD-2EAC0528E426}.Release|Any CPU.Build.0 = Release|Any CPU
		{5C42D7A9-ACF0-6E96-81BD-4BAA3C5FDFB4}.Debug|Any CPU.ActiveCfg = Debug|Any CPU
		{5C42D7A9-ACF0-6E96-81BD-4BAA3C5FDFB4}.Debug|Any CPU.Build.0 = Debug|Any CPU
		{5C42D7A9-ACF0-6E96-81BD-4BAA3C5FDFB4}.Release|Any CPU.ActiveCfg = Release|Any CPU
		{5C42D7A9-ACF0-6E96-81BD-4BAA3C5FDFB4}.Release|Any CPU.Build.0 = Release|Any CPU
		{7ACD48FB-32D2-D310-601F-B7C1B7261B7C}.Debug|Any CPU.ActiveCfg = Debug|Any CPU
		{7ACD48FB-32D2-D310-601F-B7C1B7261B7C}.Debug|Any CPU.Build.0 = Debug|Any CPU
		{7ACD48FB-32D2-D310-601F-B7C1B7261B7C}.Release|Any CPU.ActiveCfg = Release|Any CPU
		{7ACD48FB-32D2-D310-601F-B7C1B7261B7C}.Release|Any CPU.Build.0 = Release|Any CPU
		{A2AD4319-DADF-D4A8-42DD-6A1412EDDBC2}.Debug|Any CPU.ActiveCfg = Debug|Any CPU
		{A2AD4319-DADF-D4A8-42DD-6A1412EDDBC2}.Debug|Any CPU.Build.0 = Debug|Any CPU
		{A2AD4319-DADF-D4A8-42DD-6A1412EDDBC2}.Release|Any CPU.ActiveCfg = Release|Any CPU
		{A2AD4319-DADF-D4A8-42DD-6A1412EDDBC2}.Release|Any CPU.Build.0 = Release|Any CPU
		{FC23A3C3-D6F0-EFB5-6619-33699D06BE9A}.Debug|Any CPU.ActiveCfg = Debug|Any CPU
		{FC23A3C3-D6F0-EFB5-6619-33699D06BE9A}.Debug|Any CPU.Build.0 = Debug|Any CPU
		{FC23A3C3-D6F0-EFB5-6619-33699D06BE9A}.Release|Any CPU.ActiveCfg = Release|Any CPU
		{FC23A3C3-D6F0-EFB5-6619-33699D06BE9A}.Release|Any CPU.Build.0 = Release|Any CPU
		{E0FC88CB-8A70-F47D-EEDD-C63521E651FE}.Debug|Any CPU.ActiveCfg = Debug|Any CPU
		{E0FC88CB-8A70-F47D-EEDD-C63521E651FE}.Debug|Any CPU.Build.0 = Debug|Any CPU
		{E0FC88CB-8A70-F47D-EEDD-C63521E651FE}.Release|Any CPU.ActiveCfg = Release|Any CPU
		{E0FC88CB-8A70-F47D-EEDD-C63521E651FE}.Release|Any CPU.Build.0 = Release|Any CPU
		{F6D648F2-E02E-8D8D-1B9C-59FB17D2BA9A}.Debug|Any CPU.ActiveCfg = Debug|Any CPU
		{F6D648F2-E02E-8D8D-1B9C-59FB17D2BA9A}.Debug|Any CPU.Build.0 = Debug|Any CPU
		{F6D648F2-E02E-8D8D-1B9C-59FB17D2BA9A}.Release|Any CPU.ActiveCfg = Release|Any CPU
		{F6D648F2-E02E-8D8D-1B9C-59FB17D2BA9A}.Release|Any CPU.Build.0 = Release|Any CPU
	EndGlobalSection
	GlobalSection(SolutionProperties) = preSolution
		HideSolutionNode = FALSE
	EndGlobalSection
EndGlobal
